
Microsoft Visual Studio Solution File, Format Version 12.00
Project("{FAE04EC0-301F-11D3-BF4B-00C04F79EFBC}") = "Lapo", "Lapo\Lapo.csproj", "{0A34F4A7-68F6-4947-8C51-11D971E8AE6A}"
EndProject
Project("{FAE04EC0-301F-11D3-BF4B-00C04F79EFBC}") = "Lapo.Integration.Tests", "Lapo.Integration.Tests\Lapo.Integration.Tests.csproj", "{37873152-B162-4064-BBF6-0FD7ACC99C5D}"
EndProject
Global
	GlobalSection(SolutionConfigurationPlatforms) = preSolution
		Debug|Any CPU = Debug|Any CPU
		Release|Any CPU = Release|Any CPU
	EndGlobalSection
	GlobalSection(ProjectConfigurationPlatforms) = postSolution
		{0A34F4A7-68F6-4947-8C51-11D971E8AE6A}.Debug|Any CPU.ActiveCfg = Debug|Any CPU
		{0A34F4A7-68F6-4947-8C51-11D971E8AE6A}.Debug|Any CPU.Build.0 = Debug|Any CPU
		{0A34F4A7-68F6-4947-8C51-11D971E8AE6A}.Release|Any CPU.ActiveCfg = Release|Any CPU
		{0A34F4A7-68F6-4947-8C51-11D971E8AE6A}.Release|Any CPU.Build.0 = Release|Any CPU
		{37873152-B162-4064-BBF6-0FD7ACC99C5D}.Debug|Any CPU.ActiveCfg = Debug|Any CPU
		{37873152-B162-4064-BBF6-0FD7ACC99C5D}.Debug|Any CPU.Build.0 = Debug|Any CPU
		{37873152-B162-4064-BBF6-0FD7ACC99C5D}.Release|Any CPU.ActiveCfg = Release|Any CPU
		{37873152-B162-4064-BBF6-0FD7ACC99C5D}.Release|Any CPU.Build.0 = Release|Any CPU
	EndGlobalSection
EndGlobal
